
Microsoft Visual Studio Solution File, Format Version 12.00
# Visual Studio Version 17
VisualStudioVersion = 17.9.34728.123
MinimumVisualStudioVersion = 10.0.40219.1
Project("{FAE04EC0-301F-11D3-BF4B-00C04F79EFBC}") = "ventandasybd", "ventandasybd\ventandasybd.csproj", "{21DCCDB6-2B48-45C0-9FF9-C36EA5E75148}"
EndProject
Global
	GlobalSection(SolutionConfigurationPlatforms) = preSolution
		Debug|Any CPU = Debug|Any CPU
		Release|Any CPU = Release|Any CPU
	EndGlobalSection
	GlobalSection(ProjectConfigurationPlatforms) = postSolution
		{21DCCDB6-2B48-45C0-9FF9-C36EA5E75148}.Debug|Any CPU.ActiveCfg = Debug|Any CPU
		{21DCCDB6-2B48-45C0-9FF9-C36EA5E75148}.Debug|Any CPU.Build.0 = Debug|Any CPU
		{21DCCDB6-2B48-45C0-9FF9-C36EA5E75148}.Release|Any CPU.ActiveCfg = Release|Any CPU
		{21DCCDB6-2B48-45C0-9FF9-C36EA5E75148}.Release|Any CPU.Build.0 = Release|Any CPU
	EndGlobalSection
	GlobalSection(SolutionProperties) = preSolution
		HideSolutionNode = FALSE
	EndGlobalSection
	GlobalSection(ExtensibilityGlobals) = postSolution
		SolutionGuid = {0FDA8E29-8B79-4325-938A-C4BF61770535}
	EndGlobalSection
EndGlobal
